{
    "_readme": [
        "This file locks the dependencies of your project to a known state",
        "Read more about it at https://getcomposer.org/doc/01-basic-usage.md#installing-dependencies",
        "This file is @generated automatically"
    ],
    "content-hash": "b3a37f459bff5dd5d902be969a992569",
    "packages": [
        {
            "name": "luannsr12/sdkcorreios",
            "version": "v1.5.2",
            "source": {
                "type": "git",
                "url": "https://github.com/luannsr12/sdkcorreios.git",
                "reference": "1b630e488b9b548025f71031a1497befdc14c070"
            },
            "dist": {
                "type": "zip",
                "url": "https://api.github.com/repos/luannsr12/sdkcorreios/zipball/1b630e488b9b548025f71031a1497befdc14c070",
                "reference": "1b630e488b9b548025f71031a1497befdc14c070",
                "shasum": ""
            },
            "require": {
                "php": ">=8.2"
            },
            "type": "library",
            "autoload": {
                "psr-4": {
                    "Sdkcorreios\\": "src/"
                }
            },
            "notification-url": "https://packagist.org/downloads/",
            "license": [
                "MIT"
            ],
            "authors": [
                {
                    "name": "Luan Alves"
                }
            ],
            "description": "Sdk correios",
            "support": {
                "issues": "https://github.com/luannsr12/sdkcorreios/issues",
                "source": "https://github.com/luannsr12/sdkcorreios/tree/v1.5.2"
            },
            "funding": [
                {
                    "url": "https://github.com/luannsr12",
                    "type": "github"
                }
            ],
            "time": "2025-06-13T04:50:46+00:00"
        }
    ],
    "packages-dev": [],
    "aliases": [],
    "minimum-stability": "stable",
    "stability-flags": {},
    "prefer-stable": false,
    "prefer-lowest": false,
    "platform": {},
    "platform-dev": {},
    "plugin-api-version": "2.9.0"
}
